
Microsoft Visual Studio Solution File, Format Version 12.00
# Visual Studio Version 16
VisualStudioVersion = 25.0.1706.7
MinimumVisualStudioVersion = 10.0.40219.1
Project("{FAE04EC0-301F-11D3-BF4B-00C04F79EFBC}") = "MacOS Innacurate Screen Dimensions Bug", "MacOS Innacurate Screen Dimensions Bug\MacOS Innacurate Screen Dimensions Bug.csproj", "{6391BEA8-4D55-4D55-B1BE-86C1541B107B}"
EndProject
Global
	GlobalSection(SolutionConfigurationPlatforms) = preSolution
		Debug|Any CPU = Debug|Any CPU
		Release|Any CPU = Release|Any CPU
	EndGlobalSection
	GlobalSection(ProjectConfigurationPlatforms) = postSolution
		{6391BEA8-4D55-4D55-B1BE-86C1541B107B}.Debug|Any CPU.ActiveCfg = Debug|Any CPU
		{6391BEA8-4D55-4D55-B1BE-86C1541B107B}.Debug|Any CPU.Build.0 = Debug|Any CPU
		{6391BEA8-4D55-4D55-B1BE-86C1541B107B}.Release|Any CPU.ActiveCfg = Release|Any CPU
		{6391BEA8-4D55-4D55-B1BE-86C1541B107B}.Release|Any CPU.Build.0 = Release|Any CPU
	EndGlobalSection
	GlobalSection(SolutionProperties) = preSolution
		HideSolutionNode = FALSE
	EndGlobalSection
	GlobalSection(ExtensibilityGlobals) = postSolution
		SolutionGuid = {19719DAC-1A06-4729-9433-277D584A11D3}
	EndGlobalSection
EndGlobal
